// !$*UTF8*$!
{
	archiveVersion = 1;
	classes = {
	};
	objectVersion = 50;
	objects = {

/* Begin PBXBuildFile section */
		261202C8233FFF6C009574D4 /* AppDelegate.swift in Sources */ = {isa = PBXBuildFile; fileRef = 261202C7233FFF6C009574D4 /* AppDelegate.swift */; };
		261202CA233FFF6C009574D4 /* SceneDelegate.swift in Sources */ = {isa = PBXBuildFile; fileRef = 261202C9233FFF6C009574D4 /* SceneDelegate.swift */; };
		261202CC233FFF6C009574D4 /* ColorsViewController.swift in Sources */ = {isa = PBXBuildFile; fileRef = 261202CB233FFF6C009574D4 /* ColorsViewController.swift */; };
		261202CF233FFF6C009574D4 /* Main.storyboard in Resources */ = {isa = PBXBuildFile; fileRef = 261202CD233FFF6C009574D4 /* Main.storyboard */; };
		261202D2233FFF6C009574D4 /* Colors.xcdatamodeld in Sources */ = {isa = PBXBuildFile; fileRef = 261202D0233FFF6C009574D4 /* Colors.xcdatamodeld */; };
		261202D4233FFF6C009574D4 /* Assets.xcassets in Resources */ = {isa = PBXBuildFile; fileRef = 261202D3233FFF6C009574D4 /* Assets.xcassets */; };
		261202D7233FFF6C009574D4 /* LaunchScreen.storyboard in Resources */ = {isa = PBXBuildFile; fileRef = 261202D5233FFF6C009574D4 /* LaunchScreen.storyboard */; };
		26A1BCDA235BEFC80030F50A /* ColorDetailViewController.swift in Sources */ = {isa = PBXBuildFile; fileRef = 26A1BCD9235BEFC80030F50A /* ColorDetailViewController.swift */; };
		26A1BCDC235BF4B70030F50A /* Color.swift in Sources */ = {isa = PBXBuildFile; fileRef = 26A1BCDB235BF4B70030F50A /* Color.swift */; };
/* End PBXBuildFile section */

/* Begin PBXFileReference section */
		261202C4233FFF6C009574D4 /* Colors.app */ = {isa = PBXFileReference; explicitFileType = wrapper.application; includeInIndex = 0; path = Colors.app; sourceTree = BUILT_PRODUCTS_DIR; };
		261202C7233FFF6C009574D4 /* AppDelegate.swift */ = {isa = PBXFileReference; lastKnownFileType = sourcecode.swift; path = AppDelegate.swift; sourceTree = "<group>"; };
		261202C9233FFF6C009574D4 /* SceneDelegate.swift */ = {isa = PBXFileReference; lastKnownFileType = sourcecode.swift; path = SceneDelegate.swift; sourceTree = "<group>"; };
		261202CB233FFF6C009574D4 /* ColorsViewController.swift */ = {isa = PBXFileReference; lastKnownFileType = sourcecode.swift; path = ColorsViewController.swift; sourceTree = "<group>"; };
		261202CE233FFF6C009574D4 /* Base */ = {isa = PBXFileReference; lastKnownFileType = file.storyboard; name = Base; path = Base.lproj/Main.storyboard; sourceTree = "<group>"; };
		261202D1233FFF6C009574D4 /* Colors.xcdatamodel */ = {isa = PBXFileReference; lastKnownFileType = wrapper.xcdatamodel; path = Colors.xcdatamodel; sourceTree = "<group>"; };
		261202D3233FFF6C009574D4 /* Assets.xcassets */ = {isa = PBXFileReference; lastKnownFileType = folder.assetcatalog; path = Assets.xcassets; sourceTree = "<group>"; };
		261202D6233FFF6C009574D4 /* Base */ = {isa = PBXFileReference; lastKnownFileType = file.storyboard; name = Base; path = Base.lproj/LaunchScreen.storyboard; sourceTree = "<group>"; };
		261202D8233FFF6C009574D4 /* Info.plist */ = {isa = PBXFileReference; lastKnownFileType = text.plist.xml; path = Info.plist; sourceTree = "<group>"; };
		26A1BCD9235BEFC80030F50A /* ColorDetailViewController.swift */ = {isa = PBXFileReference; lastKnownFileType = sourcecode.swift; name = ColorDetailViewController.swift; path = Colors/ColorDetailViewController.swift; sourceTree = SOURCE_ROOT; };
		26A1BCDB235BF4B70030F50A /* Color.swift */ = {isa = PBXFileReference; lastKnownFileType = sourcecode.swift; path = Color.swift; sourceTree = "<group>"; };
/* End PBXFileReference section */

/* Begin PBXFrameworksBuildPhase section */
		261202C1233FFF6C009574D4 /* Frameworks */ = {
			isa = PBXFrameworksBuildPhase;
			buildActionMask = 2147483647;
			files = (
			);
			runOnlyForDeploymentPostprocessing = 0;
		};
/* End PBXFrameworksBuildPhase section */

/* Begin PBXGroup section */
		261202BB233FFF6C009574D4 = {
			isa = PBXGroup;
			children = (
				261202C6233FFF6C009574D4 /* Colors */,
			);
			sourceTree = "<group>";
		};
		261202C5233FFF6C009574D4 /* Products */ = {
			isa = PBXGroup;
			children = (
				261202C4233FFF6C009574D4 /* Colors.app */,
			);
			name = Products;
			path = ..;
			sourceTree = "<group>";
		};
		261202C6233FFF6C009574D4 /* Colors */ = {
			isa = PBXGroup;
			children = (
				261202C7233FFF6C009574D4 /* AppDelegate.swift */,
				261202C9233FFF6C009574D4 /* SceneDelegate.swift */,
				261202CB233FFF6C009574D4 /* ColorsViewController.swift */,
				261202CD233FFF6C009574D4 /* Main.storyboard */,
				26A1BCD9235BEFC80030F50A /* ColorDetailViewController.swift */,
				261202D3233FFF6C009574D4 /* Assets.xcassets */,
				261202D5233FFF6C009574D4 /* LaunchScreen.storyboard */,
				26A1BCDB235BF4B70030F50A /* Color.swift */,
				261202D8233FFF6C009574D4 /* Info.plist */,
				261202D0233FFF6C009574D4 /* Colors.xcdatamodeld */,
				261202C5233FFF6C009574D4 /* Products */,
			);
			path = Colors;
			sourceTree = "<group>";
		};
/* End PBXGroup section */

/* Begin PBXNativeTarget section */
		261202C3233FFF6C009574D4 /* Colors */ = {
			isa = PBXNativeTarget;
			buildConfigurationList = 261202DB233FFF6C009574D4 /* Build configuration list for PBXNativeTarget "Colors" */;
			buildPhases = (
				261202C0233FFF6C009574D4 /* Sources */,
				261202C1233FFF6C009574D4 /* Frameworks */,
				261202C2233FFF6C009574D4 /* Resources */,
			);
			buildRules = (
			);
			dependencies = (
			);
			name = Colors;
			productName = Colors;
			productReference = 261202C4233FFF6C009574D4 /* Colors.app */;
			productType = "com.apple.product-type.application";
		};
/* End PBXNativeTarget section */

/* Begin PBXProject section */
		261202BC233FFF6C009574D4 /* Project object */ = {
			isa = PBXProject;
			attributes = {
				LastSwiftUpdateCheck = 1100;
				LastUpgradeCheck = 1100;
				ORGANIZATIONNAME = "Adrian Atanasov";
				TargetAttributes = {
					261202C3233FFF6C009574D4 = {
						CreatedOnToolsVersion = 11.0;
					};
				};
			};
			buildConfigurationList = 261202BF233FFF6C009574D4 /* Build configuration list for PBXProject "Colors" */;
			compatibilityVersion = "Xcode 9.3";
			developmentRegion = en;
			hasScannedForEncodings = 0;
			knownRegions = (
				en,
				Base,
			);
			mainGroup = 261202BB233FFF6C009574D4;
			productRefGroup = 261202C5233FFF6C009574D4 /* Products */;
			projectDirPath = "";
			projectRoot = "";
			targets = (
				261202C3233FFF6C009574D4 /* Colors */,
			);
		};
/* End PBXProject section */

/* Begin PBXResourcesBuildPhase section */
		261202C2233FFF6C009574D4 /* Resources */ = {
			isa = PBXResourcesBuildPhase;
			buildActionMask = 2147483647;
			files = (
				261202D7233FFF6C009574D4 /* LaunchScreen.storyboard in Resources */,
				261202D4233FFF6C009574D4 /* Assets.xcassets in Resources */,
				261202CF233FFF6C009574D4 /* Main.storyboard in Resources */,
			);
			runOnlyForDeploymentPostprocessing = 0;
		};
/* End PBXResourcesBuildPhase section */

/* Begin PBXSourcesBuildPhase section */
		261202C0233FFF6C009574D4 /* Sources */ = {
			isa = PBXSourcesBuildPhase;
			buildActionMask = 2147483647;
			files = (
				261202CC233FFF6C009574D4 /* ColorsViewController.swift in Sources */,
				261202D2233FFF6C009574D4 /* Colors.xcdatamodeld in Sources */,
				261202C8233FFF6C009574D4 /* AppDelegate.swift in Sources */,
				26A1BCDA235BEFC80030F50A /* ColorDetailViewController.swift in Sources */,
				261202CA233FFF6C009574D4 /* SceneDelegate.swift in Sources */,
				26A1BCDC235BF4B70030F50A /* Color.swift in Sources */,
			);
			runOnlyForDeploymentPostprocessing = 0;
		};
/* End PBXSourcesBuildPhase section */

/* Begin PBXVariantGroup section */
		261202CD233FFF6C009574D4 /* Main.storyboard */ = {
			isa = PBXVariantGroup;
			children = (
				261202CE233FFF6C009574D4 /* Base */,
			);
			name = Main.storyboard;
			sourceTree = "<group>";
		};
		261202D5233FFF6C009574D4 /* LaunchScreen.storyboard */ = {
			isa = PBXVariantGroup;
			children = (
				261202D6233FFF6C009574D4 /* Base */,
			);
			name = LaunchScreen.storyboard;
			sourceTree = "<group>";
		};
/* End PBXVariantGroup section */

/* Begin XCBuildConfiguration section */
		261202D9233FFF6C009574D4 /* Debug */ = {
			isa = XCBuildConfiguration;
			buildSettings = {
				ALWAYS_SEARCH_USER_PATHS = NO;
				CLANG_ANALYZER_NONNULL = YES;
				CLANG_ANALYZER_NUMBER_OBJECT_CONVERSION = YES_AGGRESSIVE;
				CLANG_CXX_LANGUAGE_STANDARD = "gnu++14";
				CLANG_CXX_LIBRARY = "libc++";
				CLANG_ENABLE_MODULES = YES;
				CLANG_ENABLE_OBJC_ARC = YES;
				CLANG_ENABLE_OBJC_WEAK = YES;
				CLANG_WARN_BLOCK_CAPTURE_AUTORELEASING = YES;
				CLANG_WARN_BOOL_CONVERSION = YES;
				CLANG_WARN_COMMA = YES;
				CLANG_WARN_CONSTANT_CONVERSION = YES;
				CLANG_WARN_DEPRECATED_OBJC_IMPLEMENTATIONS = YES;
				CLANG_WARN_DIRECT_OBJC_ISA_USAGE = YES_ERROR;
				CLANG_WARN_DOCUMENTATION_COMMENTS = YES;
				CLANG_WARN_EMPTY_BODY = YES;
				CLANG_WARN_ENUM_CONVERSION = YES;
				CLANG_WARN_INFINITE_RECURSION = YES;
				CLANG_WARN_INT_CONVERSION = YES;
				CLANG_WARN_NON_LITERAL_NULL_CONVERSION = YES;
				CLANG_WARN_OBJC_IMPLICIT_RETAIN_SELF = YES;
				CLANG_WARN_OBJC_LITERAL_CONVERSION = YES;
				CLANG_WARN_OBJC_ROOT_CLASS = YES_ERROR;
				CLANG_WARN_RANGE_LOOP_ANALYSIS = YES;
				CLANG_WARN_STRICT_PROTOTYPES = YES;
				CLANG_WARN_SUSPICIOUS_MOVE = YES;
				CLANG_WARN_UNGUARDED_AVAILABILITY = YES_AGGRESSIVE;
				CLANG_WARN_UNREACHABLE_CODE = YES;
				CLANG_WARN__DUPLICATE_METHOD_MATCH = YES;
				COPY_PHASE_STRIP = NO;
				DEBUG_INFORMATION_FORMAT = dwarf;
				ENABLE_STRICT_OBJC_MSGSEND = YES;
				ENABLE_TESTABILITY = YES;
				GCC_C_LANGUAGE_STANDARD = gnu11;
				GCC_DYNAMIC_NO_PIC = NO;
				GCC_NO_COMMON_BLOCKS = YES;
				GCC_OPTIMIZATION_LEVEL = 0;
				GCC_PREPROCESSOR_DEFINITIONS = (
					"DEBUG=1",
					"$(inherited)",
				);
				GCC_WARN_64_TO_32_BIT_CONVERSION = YES;
				GCC_WARN_ABOUT_RETURN_TYPE = YES_ERROR;
				GCC_WARN_UNDECLARED_SELECTOR = YES;
				GCC_WARN_UNINITIALIZED_AUTOS = YES_AGGRESSIVE;
				GCC_WARN_UNUSED_FUNCTION = YES;
				GCC_WARN_UNUSED_VARIABLE = YES;
				IPHONEOS_DEPLOYMENT_TARGET = 13.0;
				MTL_ENABLE_DEBUG_INFO = INCLUDE_SOURCE;
				MTL_FAST_MATH = YES;
				ONLY_ACTIVE_ARCH = YES;
				SDKROOT = iphoneos;
				SWIFT_ACTIVE_COMPILATION_CONDITIONS = DEBUG;
				SWIFT_OPTIMIZATION_LEVEL = "-Onone";
			};
			name = Debug;
		};
		261202DA233FFF6C009574D4 /* Release */ = {
			isa = XCBuildConfiguration;
			buildSettings = {
				ALWAYS_SEARCH_USER_PATHS = NO;
				CLANG_ANALYZER_NONNULL = YES;
				CLANG_ANALYZER_NUMBER_OBJECT_CONVERSION = YES_AGGRESSIVE;
				CLANG_CXX_LANGUAGE_STANDARD = "gnu++14";
				CLANG_CXX_LIBRARY = "libc++";
				CLANG_ENABLE_MODULES = YES;
				CLANG_ENABLE_OBJC_ARC = YES;
				CLANG_ENABLE_OBJC_WEAK = YES;
				CLANG_WARN_BLOCK_CAPTURE_AUTORELEASING = YES;
				CLANG_WARN_BOOL_CONVERSION = YES;
				CLANG_WARN_COMMA = YES;
				CLANG_WARN_CONSTANT_CONVERSION = YES;
				CLANG_WARN_DEPRECATED_OBJC_IMPLEMENTATIONS = YES;
				CLANG_WARN_DIRECT_OBJC_ISA_USAGE = YES_ERROR;
				CLANG_WARN_DOCUMENTATION_COMMENTS = YES;
				CLANG_WARN_EMPTY_BODY = YES;
				CLANG_WARN_ENUM_CONVERSION = YES;
				CLANG_WARN_INFINITE_RECURSION = YES;
				CLANG_WARN_INT_CONVERSION = YES;
				CLANG_WARN_NON_LITERAL_NULL_CONVERSION = YES;
				CLANG_WARN_OBJC_IMPLICIT_RETAIN_SELF = YES;
				CLANG_WARN_OBJC_LITERAL_CONVERSION = YES;
				CLANG_WARN_OBJC_ROOT_CLASS = YES_ERROR;
				CLANG_WARN_RANGE_LOOP_ANALYSIS = YES;
				CLANG_WARN_STRICT_PROTOTYPES = YES;
				CLANG_WARN_SUSPICIOUS_MOVE = YES;
				CLANG_WARN_UNGUARDED_AVAILABILITY = YES_AGGRESSIVE;
				CLANG_WARN_UNREACHABLE_CODE = YES;
				CLANG_WARN__DUPLICATE_METHOD_MATCH = YES;
				COPY_PHASE_STRIP = NO;
				DEBUG_INFORMATION_FORMAT = "dwarf-with-dsym";
				ENABLE_NS_ASSERTIONS = NO;
				ENABLE_STRICT_OBJC_MSGSEND = YES;
				GCC_C_LANGUAGE_STANDARD = gnu11;
				GCC_NO_COMMON_BLOCKS = YES;
				GCC_WARN_64_TO_32_BIT_CONVERSION = YES;
				GCC_WARN_ABOUT_RETURN_TYPE = YES_ERROR;
				GCC_WARN_UNDECLARED_SELECTOR = YES;
				GCC_WARN_UNINITIALIZED_AUTOS = YES_AGGRESSIVE;
				GCC_WARN_UNUSED_FUNCTION = YES;
				GCC_WARN_UNUSED_VARIABLE = YES;
				IPHONEOS_DEPLOYMENT_TARGET = 13.0;
				MTL_ENABLE_DEBUG_INFO = NO;
				MTL_FAST_MATH = YES;
				SDKROOT = iphoneos;
				SWIFT_COMPILATION_MODE = wholemodule;
				SWIFT_OPTIMIZATION_LEVEL = "-O";
				VALIDATE_PRODUCT = YES;
			};
			name = Release;
		};
		261202DC233FFF6C009574D4 /* Debug */ = {
			isa = XCBuildConfiguration;
			buildSettings = {
				ASSETCATALOG_COMPILER_APPICON_NAME = AppIcon;
				CODE_SIGN_STYLE = Automatic;
				DEVELOPMENT_TEAM = 46H4AAS93G;
				INFOPLIST_FILE = Colors/Info.plist;
				LD_RUNPATH_SEARCH_PATHS = (
					"$(inherited)",
					"@executable_path/Frameworks",
				);
				PRODUCT_BUNDLE_IDENTIFIER = INFOTECH4405.Colors;
				PRODUCT_NAME = "$(TARGET_NAME)";
				SWIFT_VERSION = 5.0;
				TARGETED_DEVICE_FAMILY = "1,2";
			};
			name = Debug;
		};
		261202DD233FFF6C009574D4 /* Release */ = {
			isa = XCBuildConfiguration;
			buildSettings = {
				ASSETCATALOG_COMPILER_APPICON_NAME = AppIcon;
				CODE_SIGN_STYLE = Automatic;
				DEVELOPMENT_TEAM = 46H4AAS93G;
				INFOPLIST_FILE = Colors/Info.plist;
				LD_RUNPATH_SEARCH_PATHS = (
					"$(inherited)",
					"@executable_path/Frameworks",
				);
				PRODUCT_BUNDLE_IDENTIFIER = INFOTECH4405.Colors;
				PRODUCT_NAME = "$(TARGET_NAME)";
				SWIFT_VERSION = 5.0;
				TARGETED_DEVICE_FAMILY = "1,2";
			};
			name = Release;
		};
/* End XCBuildConfiguration section */

/* Begin XCConfigurationList section */
		261202BF233FFF6C009574D4 /* Build configuration list for PBXProject "Colors" */ = {
			isa = XCConfigurationList;
			buildConfigurations = (
				261202D9233FFF6C009574D4 /* Debug */,
				261202DA233FFF6C009574D4 /* Release */,
			);
			defaultConfigurationIsVisible = 0;
			defaultConfigurationName = Release;
		};
		261202DB233FFF6C009574D4 /* Build configuration list for PBXNativeTarget "Colors" */ = {
			isa = XCConfigurationList;
			buildConfigurations = (
				261202DC233FFF6C009574D4 /* Debug */,
				261202DD233FFF6C009574D4 /* Release */,
			);
			defaultConfigurationIsVisible = 0;
			defaultConfigurationName = Release;
		};
/* End XCConfigurationList section */

/* Begin XCVersionGroup section */
		261202D0233FFF6C009574D4 /* Colors.xcdatamodeld */ = {
			isa = XCVersionGroup;
			children = (
				261202D1233FFF6C009574D4 /* Colors.xcdatamodel */,
			);
			currentVersion = 261202D1233FFF6C009574D4 /* Colors.xcdatamodel */;
			path = Colors.xcdatamodeld;
			sourceTree = "<group>";
			versionGroupType = wrapper.xcdatamodel;
		};
/* End XCVersionGroup section */
	};
	rootObject = 261202BC233FFF6C009574D4 /* Project object */;
}
